
Microsoft Visual Studio Solution File, Format Version 12.00
# Visual Studio Version 17
VisualStudioVersion = 17.12.35209.166
MinimumVisualStudioVersion = 10.0.40219.1
Project("{FAE04EC0-301F-11D3-BF4B-00C04F79EFBC}") = "kjh", "kjh.csproj", "{75911EA9-7961-4008-8BD4-6A1CCB64AD1A}"
EndProject
Global
	GlobalSection(SolutionConfigurationPlatforms) = preSolution
		Debug|Any CPU = Debug|Any CPU
		Release|Any CPU = Release|Any CPU
	EndGlobalSection
	GlobalSection(ProjectConfigurationPlatforms) = postSolution
		{75911EA9-7961-4008-8BD4-6A1CCB64AD1A}.Debug|Any CPU.ActiveCfg = Debug|Any CPU
		{75911EA9-7961-4008-8BD4-6A1CCB64AD1A}.Debug|Any CPU.Build.0 = Debug|Any CPU
		{75911EA9-7961-4008-8BD4-6A1CCB64AD1A}.Release|Any CPU.ActiveCfg = Release|Any CPU
		{75911EA9-7961-4008-8BD4-6A1CCB64AD1A}.Release|Any CPU.Build.0 = Release|Any CPU
	EndGlobalSection
	GlobalSection(SolutionProperties) = preSolution
		HideSolutionNode = FALSE
	EndGlobalSection
	GlobalSection(ExtensibilityGlobals) = postSolution
		SolutionGuid = {0686D285-18BA-4BCE-97C8-F4F0CC7D3123}
	EndGlobalSection
EndGlobal
